version: 2.0
shards:
  connect-proxy:
    git: https://github.com/spider-gazelle/connect-proxy.git
    version: 2.0.2

  json-schema:
    git: https://github.com/spider-gazelle/json-schema.git
    version: 1.3.2

  openai:
    git: https://github.com/kojix2/crystal-openai.git
    version: 0.9.2+git.commit.cce79ea86932062762e2dcf4c845d7ed65b82e55

  promise:
    git: https://github.com/spider-gazelle/promise.git
    version: 3.2.0

  uing:
    git: https://github.com/kojix2/uing.git
    version: 0.0.3

